
Microsoft Visual Studio Solution File, Format Version 12.00
# Visual Studio Version 17
VisualStudioVersion = 17.11.35327.3
MinimumVisualStudioVersion = 10.0.40219.1
Project("{FAE04EC0-301F-11D3-BF4B-00C04F79EFBC}") = "CapaDatos", "CapaDatos.csproj", "{9159C5E9-2A9F-44A7-A838-69517E368913}"
EndProject
Project("{FAE04EC0-301F-11D3-BF4B-00C04F79EFBC}") = "CapaEntidades", "..\CapaEntidades\CapaEntidades.csproj", "{A019CBC5-6BDF-4900-8AD1-28A3CD73A91F}"
EndProject
Project("{FAE04EC0-301F-11D3-BF4B-00C04F79EFBC}") = "CapaNegocio", "..\CapaNegocio\CapaNegocio.csproj", "{D0397CD3-121C-4EC5-80DC-9381F6ED00F7}"
EndProject
Project("{FAE04EC0-301F-11D3-BF4B-00C04F79EFBC}") = "CapaPresentaciones", "..\CapaPresentaciones\CapaPresentaciones.csproj", "{D9834DD2-F09D-4426-8F26-2C5D20E95DA1}"
EndProject
Global
	GlobalSection(SolutionConfigurationPlatforms) = preSolution
		Debug|Any CPU = Debug|Any CPU
		Release|Any CPU = Release|Any CPU
	EndGlobalSection
	GlobalSection(ProjectConfigurationPlatforms) = postSolution
		{9159C5E9-2A9F-44A7-A838-69517E368913}.Debug|Any CPU.ActiveCfg = Debug|Any CPU
		{9159C5E9-2A9F-44A7-A838-69517E368913}.Debug|Any CPU.Build.0 = Debug|Any CPU
		{9159C5E9-2A9F-44A7-A838-69517E368913}.Release|Any CPU.ActiveCfg = Release|Any CPU
		{9159C5E9-2A9F-44A7-A838-69517E368913}.Release|Any CPU.Build.0 = Release|Any CPU
		{A019CBC5-6BDF-4900-8AD1-28A3CD73A91F}.Debug|Any CPU.ActiveCfg = Debug|Any CPU
		{A019CBC5-6BDF-4900-8AD1-28A3CD73A91F}.Debug|Any CPU.Build.0 = Debug|Any CPU
		{A019CBC5-6BDF-4900-8AD1-28A3CD73A91F}.Release|Any CPU.ActiveCfg = Release|Any CPU
		{A019CBC5-6BDF-4900-8AD1-28A3CD73A91F}.Release|Any CPU.Build.0 = Release|Any CPU
		{D0397CD3-121C-4EC5-80DC-9381F6ED00F7}.Debug|Any CPU.ActiveCfg = Debug|Any CPU
		{D0397CD3-121C-4EC5-80DC-9381F6ED00F7}.Debug|Any CPU.Build.0 = Debug|Any CPU
		{D0397CD3-121C-4EC5-80DC-9381F6ED00F7}.Release|Any CPU.ActiveCfg = Release|Any CPU
		{D0397CD3-121C-4EC5-80DC-9381F6ED00F7}.Release|Any CPU.Build.0 = Release|Any CPU
		{D9834DD2-F09D-4426-8F26-2C5D20E95DA1}.Debug|Any CPU.ActiveCfg = Debug|Any CPU
		{D9834DD2-F09D-4426-8F26-2C5D20E95DA1}.Debug|Any CPU.Build.0 = Debug|Any CPU
		{D9834DD2-F09D-4426-8F26-2C5D20E95DA1}.Release|Any CPU.ActiveCfg = Release|Any CPU
		{D9834DD2-F09D-4426-8F26-2C5D20E95DA1}.Release|Any CPU.Build.0 = Release|Any CPU
	EndGlobalSection
	GlobalSection(SolutionProperties) = preSolution
		HideSolutionNode = FALSE
	EndGlobalSection
	GlobalSection(ExtensibilityGlobals) = postSolution
		SolutionGuid = {B0FF8CCF-5703-4431-96A9-0B85A2A3898F}
	EndGlobalSection
EndGlobal
